
Microsoft Visual Studio Solution File, Format Version 11.00
# Visual C# Express 2010
Project("{FAE04EC0-301F-11D3-BF4B-00C04F79EFBC}") = "UglyLauncher", "UglyLauncher\UglyLauncher.csproj", "{B1E91F4C-C501-4281-94C9-7477A9202AFA}"
EndProject
Project("{FAE04EC0-301F-11D3-BF4B-00C04F79EFBC}") = "UglyBootstrap", "UglyBootstrap\UglyBootstrap.csproj", "{64FEEAFF-CC91-4745-90A4-377E37558155}"
EndProject
Global
	GlobalSection(SolutionConfigurationPlatforms) = preSolution
		Debug|Any CPU = Debug|Any CPU
		Debug|Mixed Platforms = Debug|Mixed Platforms
		Debug|x86 = Debug|x86
		Release|Any CPU = Release|Any CPU
		Release|Mixed Platforms = Release|Mixed Platforms
		Release|x86 = Release|x86
	EndGlobalSection
	GlobalSection(ProjectConfigurationPlatforms) = postSolution
		{B1E91F4C-C501-4281-94C9-7477A9202AFA}.Debug|Any CPU.ActiveCfg = Debug|Any CPU
		{B1E91F4C-C501-4281-94C9-7477A9202AFA}.Debug|Any CPU.Build.0 = Debug|Any CPU
		{B1E91F4C-C501-4281-94C9-7477A9202AFA}.Debug|Mixed Platforms.ActiveCfg = Debug|Any CPU
		{B1E91F4C-C501-4281-94C9-7477A9202AFA}.Debug|Mixed Platforms.Build.0 = Debug|Any CPU
		{B1E91F4C-C501-4281-94C9-7477A9202AFA}.Debug|x86.ActiveCfg = Debug|Any CPU
		{B1E91F4C-C501-4281-94C9-7477A9202AFA}.Release|Any CPU.ActiveCfg = Release|Any CPU
		{B1E91F4C-C501-4281-94C9-7477A9202AFA}.Release|Any CPU.Build.0 = Release|Any CPU
		{B1E91F4C-C501-4281-94C9-7477A9202AFA}.Release|Mixed Platforms.ActiveCfg = Release|Any CPU
		{B1E91F4C-C501-4281-94C9-7477A9202AFA}.Release|Mixed Platforms.Build.0 = Release|Any CPU
		{B1E91F4C-C501-4281-94C9-7477A9202AFA}.Release|x86.ActiveCfg = Release|Any CPU
		{64FEEAFF-CC91-4745-90A4-377E37558155}.Debug|Any CPU.ActiveCfg = Debug|x86
		{64FEEAFF-CC91-4745-90A4-377E37558155}.Debug|Mixed Platforms.ActiveCfg = Debug|x86
		{64FEEAFF-CC91-4745-90A4-377E37558155}.Debug|Mixed Platforms.Build.0 = Debug|x86
		{64FEEAFF-CC91-4745-90A4-377E37558155}.Debug|x86.ActiveCfg = Debug|x86
		{64FEEAFF-CC91-4745-90A4-377E37558155}.Debug|x86.Build.0 = Debug|x86
		{64FEEAFF-CC91-4745-90A4-377E37558155}.Release|Any CPU.ActiveCfg = Release|x86
		{64FEEAFF-CC91-4745-90A4-377E37558155}.Release|Mixed Platforms.ActiveCfg = Release|x86
		{64FEEAFF-CC91-4745-90A4-377E37558155}.Release|Mixed Platforms.Build.0 = Release|x86
		{64FEEAFF-CC91-4745-90A4-377E37558155}.Release|x86.ActiveCfg = Release|x86
		{64FEEAFF-CC91-4745-90A4-377E37558155}.Release|x86.Build.0 = Release|x86
	EndGlobalSection
	GlobalSection(SolutionProperties) = preSolution
		HideSolutionNode = FALSE
	EndGlobalSection
EndGlobal
