
Microsoft Visual Studio Solution File, Format Version 12.00
# Visual Studio Version 16
VisualStudioVersion = 16.0.31515.178
MinimumVisualStudioVersion = 10.0.40219.1
Project("{FAE04EC0-301F-11D3-BF4B-00C04F79EFBC}") = "UglyLauncher", "UglyLauncher\UglyLauncher.csproj", "{F418B0AE-F667-451C-A15D-9F2FAA765808}"
EndProject
Project("{2150E333-8FDC-42A3-9474-1A3956D46DE8}") = "Solution Items", "Solution Items", "{A5206433-E047-4ECA-9867-6367E32EDED1}"
	ProjectSection(SolutionItems) = preProject
		.editorconfig = .editorconfig
	EndProjectSection
EndProject
Global
	GlobalSection(SolutionConfigurationPlatforms) = preSolution
		Debug|Any CPU = Debug|Any CPU
		Release|Any CPU = Release|Any CPU
	EndGlobalSection
	GlobalSection(ProjectConfigurationPlatforms) = postSolution
		{F418B0AE-F667-451C-A15D-9F2FAA765808}.Debug|Any CPU.ActiveCfg = Debug|Any CPU
		{F418B0AE-F667-451C-A15D-9F2FAA765808}.Debug|Any CPU.Build.0 = Debug|Any CPU
		{F418B0AE-F667-451C-A15D-9F2FAA765808}.Release|Any CPU.ActiveCfg = Release|Any CPU
		{F418B0AE-F667-451C-A15D-9F2FAA765808}.Release|Any CPU.Build.0 = Release|Any CPU
	EndGlobalSection
	GlobalSection(SolutionProperties) = preSolution
		HideSolutionNode = FALSE
	EndGlobalSection
	GlobalSection(ExtensibilityGlobals) = postSolution
		SolutionGuid = {CA2BFA1F-180B-4CB4-B3BD-E0F0436DFFED}
		BuildVersion_StartDate = 2000/1/1
	EndGlobalSection
EndGlobal
